
Microsoft Visual Studio Solution File, Format Version 12.00
# Visual Studio Version 16
VisualStudioVersion = 16.0.30611.23
MinimumVisualStudioVersion = 10.0.40219.1
Project("{FAE04EC0-301F-11D3-BF4B-00C04F79EFBC}") = "SignalRChat", "SignalRChat.csproj", "{3B2D033C-8418-4612-B910-AFC862831349}"
EndProject
Global
	GlobalSection(SolutionConfigurationPlatforms) = preSolution
		Debug|Any CPU = Debug|Any CPU
		Release|Any CPU = Release|Any CPU
	EndGlobalSection
	GlobalSection(ProjectConfigurationPlatforms) = postSolution
		{3B2D033C-8418-4612-B910-AFC862831349}.Debug|Any CPU.ActiveCfg = Debug|Any CPU
		{3B2D033C-8418-4612-B910-AFC862831349}.Debug|Any CPU.Build.0 = Debug|Any CPU
		{3B2D033C-8418-4612-B910-AFC862831349}.Release|Any CPU.ActiveCfg = Release|Any CPU
		{3B2D033C-8418-4612-B910-AFC862831349}.Release|Any CPU.Build.0 = Release|Any CPU
	EndGlobalSection
	GlobalSection(SolutionProperties) = preSolution
		HideSolutionNode = FALSE
	EndGlobalSection
	GlobalSection(ExtensibilityGlobals) = postSolution
		SolutionGuid = {688AFBE0-2D25-4CAC-B0A4-D822042C72C9}
	EndGlobalSection
EndGlobal
